
Microsoft Visual Studio Solution File, Format Version 12.00
# Visual Studio Version 16
VisualStudioVersion = 16.0.30406.217
MinimumVisualStudioVersion = 10.0.40219.1
Project("{FAE04EC0-301F-11D3-BF4B-00C04F79EFBC}") = "ClassFigure", "ClassFigure.csproj", "{3FB9B4A8-5803-4B52-9B9D-842450E8DC6B}"
EndProject
Project("{FAE04EC0-301F-11D3-BF4B-00C04F79EFBC}") = "ConsoleApplication", "..\ConsoleMenu\ConsoleApplication.csproj", "{148852D6-E8D5-4DF7-923A-89407EC0E780}"
EndProject
Global
	GlobalSection(SolutionConfigurationPlatforms) = preSolution
		Debug|Any CPU = Debug|Any CPU
		Release|Any CPU = Release|Any CPU
	EndGlobalSection
	GlobalSection(ProjectConfigurationPlatforms) = postSolution
		{3FB9B4A8-5803-4B52-9B9D-842450E8DC6B}.Debug|Any CPU.ActiveCfg = Debug|Any CPU
		{3FB9B4A8-5803-4B52-9B9D-842450E8DC6B}.Debug|Any CPU.Build.0 = Debug|Any CPU
		{3FB9B4A8-5803-4B52-9B9D-842450E8DC6B}.Release|Any CPU.ActiveCfg = Release|Any CPU
		{3FB9B4A8-5803-4B52-9B9D-842450E8DC6B}.Release|Any CPU.Build.0 = Release|Any CPU
		{148852D6-E8D5-4DF7-923A-89407EC0E780}.Debug|Any CPU.ActiveCfg = Debug|Any CPU
		{148852D6-E8D5-4DF7-923A-89407EC0E780}.Debug|Any CPU.Build.0 = Debug|Any CPU
		{148852D6-E8D5-4DF7-923A-89407EC0E780}.Release|Any CPU.ActiveCfg = Release|Any CPU
		{148852D6-E8D5-4DF7-923A-89407EC0E780}.Release|Any CPU.Build.0 = Release|Any CPU
	EndGlobalSection
	GlobalSection(SolutionProperties) = preSolution
		HideSolutionNode = FALSE
	EndGlobalSection
	GlobalSection(ExtensibilityGlobals) = postSolution
		SolutionGuid = {48A1ABD2-3AE4-4409-99C5-EC0920BB339D}
	EndGlobalSection
EndGlobal
