
Microsoft Visual Studio Solution File, Format Version 12.00
# Visual Studio Version 16
VisualStudioVersion = 16.0.30406.217
MinimumVisualStudioVersion = 10.0.40219.1
Project("{FAE04EC0-301F-11D3-BF4B-00C04F79EFBC}") = "Vehicles", "Vehicles\Vehicles.csproj", "{48C61262-BB3C-465C-A31A-5A9913EB0293}"
EndProject
Project("{FAE04EC0-301F-11D3-BF4B-00C04F79EFBC}") = "UI", "UI\UI.csproj", "{C44D0E4E-28FB-4780-9586-C172AAE1F75C}"
EndProject
Project("{FAE04EC0-301F-11D3-BF4B-00C04F79EFBC}") = "TripsTests", "TripsTests\TripsTests.csproj", "{1860809A-6890-4A59-81DB-5F1A261BAA42}"
EndProject
Global
	GlobalSection(SolutionConfigurationPlatforms) = preSolution
		Debug|Any CPU = Debug|Any CPU
		Release|Any CPU = Release|Any CPU
	EndGlobalSection
	GlobalSection(ProjectConfigurationPlatforms) = postSolution
		{48C61262-BB3C-465C-A31A-5A9913EB0293}.Debug|Any CPU.ActiveCfg = Debug|Any CPU
		{48C61262-BB3C-465C-A31A-5A9913EB0293}.Debug|Any CPU.Build.0 = Debug|Any CPU
		{48C61262-BB3C-465C-A31A-5A9913EB0293}.Release|Any CPU.ActiveCfg = Release|Any CPU
		{48C61262-BB3C-465C-A31A-5A9913EB0293}.Release|Any CPU.Build.0 = Release|Any CPU
		{C44D0E4E-28FB-4780-9586-C172AAE1F75C}.Debug|Any CPU.ActiveCfg = Debug|Any CPU
		{C44D0E4E-28FB-4780-9586-C172AAE1F75C}.Debug|Any CPU.Build.0 = Debug|Any CPU
		{C44D0E4E-28FB-4780-9586-C172AAE1F75C}.Release|Any CPU.ActiveCfg = Release|Any CPU
		{C44D0E4E-28FB-4780-9586-C172AAE1F75C}.Release|Any CPU.Build.0 = Release|Any CPU
		{1860809A-6890-4A59-81DB-5F1A261BAA42}.Debug|Any CPU.ActiveCfg = Debug|Any CPU
		{1860809A-6890-4A59-81DB-5F1A261BAA42}.Debug|Any CPU.Build.0 = Debug|Any CPU
		{1860809A-6890-4A59-81DB-5F1A261BAA42}.Release|Any CPU.ActiveCfg = Release|Any CPU
		{1860809A-6890-4A59-81DB-5F1A261BAA42}.Release|Any CPU.Build.0 = Release|Any CPU
	EndGlobalSection
	GlobalSection(SolutionProperties) = preSolution
		HideSolutionNode = FALSE
	EndGlobalSection
	GlobalSection(ExtensibilityGlobals) = postSolution
		SolutionGuid = {6CA48608-3DB7-4A6A-9C75-7E51391A9A20}
	EndGlobalSection
EndGlobal
